// !$*UTF8*$!
{
	archiveVersion = 1;
	classes = {
	};
	objectVersion = 46;
	objects = {

/* Begin PBXBuildFile section */
		7C1ABC0D1F30C31D002D7908 /* SnapsViewController.swift in Sources */ = {isa = PBXBuildFile; fileRef = 7C1ABC0C1F30C31D002D7908 /* SnapsViewController.swift */; };
		7C1ABC0F1F30C5E1002D7908 /* PictureViewController.swift in Sources */ = {isa = PBXBuildFile; fileRef = 7C1ABC0E1F30C5E1002D7908 /* PictureViewController.swift */; };
		7C1ABC111F30D42F002D7908 /* SelectUserViewController.swift in Sources */ = {isa = PBXBuildFile; fileRef = 7C1ABC101F30D42F002D7908 /* SelectUserViewController.swift */; };
		7CBFBA6B1F2E034F00065AF3 /* AppDelegate.swift in Sources */ = {isa = PBXBuildFile; fileRef = 7CBFBA6A1F2E034F00065AF3 /* AppDelegate.swift */; };
		7CBFBA6D1F2E034F00065AF3 /* SignInViewController.swift in Sources */ = {isa = PBXBuildFile; fileRef = 7CBFBA6C1F2E034F00065AF3 /* SignInViewController.swift */; };
		7CBFBA701F2E034F00065AF3 /* Main.storyboard in Resources */ = {isa = PBXBuildFile; fileRef = 7CBFBA6E1F2E034F00065AF3 /* Main.storyboard */; };
		7CBFBA721F2E034F00065AF3 /* Assets.xcassets in Resources */ = {isa = PBXBuildFile; fileRef = 7CBFBA711F2E034F00065AF3 /* Assets.xcassets */; };
		7CBFBA751F2E034F00065AF3 /* LaunchScreen.storyboard in Resources */ = {isa = PBXBuildFile; fileRef = 7CBFBA731F2E034F00065AF3 /* LaunchScreen.storyboard */; };
		7CBFBA7D1F2E04A200065AF3 /* GoogleService-Info.plist in Resources */ = {isa = PBXBuildFile; fileRef = 7CBFBA7C1F2E04A200065AF3 /* GoogleService-Info.plist */; };
		D9F7D524DEC1E1E32C3AEF78 /* Pods_Snapchat.framework in Frameworks */ = {isa = PBXBuildFile; fileRef = BBA3C342FB2F1169E4A0A6EC /* Pods_Snapchat.framework */; };
/* End PBXBuildFile section */

/* Begin PBXFileReference section */
		7C1ABC0C1F30C31D002D7908 /* SnapsViewController.swift */ = {isa = PBXFileReference; fileEncoding = 4; lastKnownFileType = sourcecode.swift; path = SnapsViewController.swift; sourceTree = "<group>"; };
		7C1ABC0E1F30C5E1002D7908 /* PictureViewController.swift */ = {isa = PBXFileReference; fileEncoding = 4; lastKnownFileType = sourcecode.swift; path = PictureViewController.swift; sourceTree = "<group>"; };
		7C1ABC101F30D42F002D7908 /* SelectUserViewController.swift */ = {isa = PBXFileReference; fileEncoding = 4; lastKnownFileType = sourcecode.swift; path = SelectUserViewController.swift; sourceTree = "<group>"; };
		7CBFBA671F2E034F00065AF3 /* Snapchat.app */ = {isa = PBXFileReference; explicitFileType = wrapper.application; includeInIndex = 0; path = Snapchat.app; sourceTree = BUILT_PRODUCTS_DIR; };
		7CBFBA6A1F2E034F00065AF3 /* AppDelegate.swift */ = {isa = PBXFileReference; lastKnownFileType = sourcecode.swift; path = AppDelegate.swift; sourceTree = "<group>"; };
		7CBFBA6C1F2E034F00065AF3 /* SignInViewController.swift */ = {isa = PBXFileReference; lastKnownFileType = sourcecode.swift; path = SignInViewController.swift; sourceTree = "<group>"; };
		7CBFBA6F1F2E034F00065AF3 /* Base */ = {isa = PBXFileReference; lastKnownFileType = file.storyboard; name = Base; path = Base.lproj/Main.storyboard; sourceTree = "<group>"; };
		7CBFBA711F2E034F00065AF3 /* Assets.xcassets */ = {isa = PBXFileReference; lastKnownFileType = folder.assetcatalog; path = Assets.xcassets; sourceTree = "<group>"; };
		7CBFBA741F2E034F00065AF3 /* Base */ = {isa = PBXFileReference; lastKnownFileType = file.storyboard; name = Base; path = Base.lproj/LaunchScreen.storyboard; sourceTree = "<group>"; };
		7CBFBA761F2E034F00065AF3 /* Info.plist */ = {isa = PBXFileReference; lastKnownFileType = text.plist.xml; path = Info.plist; sourceTree = "<group>"; };
		7CBFBA7C1F2E04A200065AF3 /* GoogleService-Info.plist */ = {isa = PBXFileReference; fileEncoding = 4; lastKnownFileType = text.plist.xml; path = "GoogleService-Info.plist"; sourceTree = "<group>"; };
		BBA3C342FB2F1169E4A0A6EC /* Pods_Snapchat.framework */ = {isa = PBXFileReference; explicitFileType = wrapper.framework; includeInIndex = 0; path = Pods_Snapchat.framework; sourceTree = BUILT_PRODUCTS_DIR; };
		EBD8FA878C402FCAC4FAACAC /* Pods-Snapchat.release.xcconfig */ = {isa = PBXFileReference; includeInIndex = 1; lastKnownFileType = text.xcconfig; name = "Pods-Snapchat.release.xcconfig"; path = "Pods/Target Support Files/Pods-Snapchat/Pods-Snapchat.release.xcconfig"; sourceTree = "<group>"; };
		F7BBE2240A0A653A90B996BA /* Pods-Snapchat.debug.xcconfig */ = {isa = PBXFileReference; includeInIndex = 1; lastKnownFileType = text.xcconfig; name = "Pods-Snapchat.debug.xcconfig"; path = "Pods/Target Support Files/Pods-Snapchat/Pods-Snapchat.debug.xcconfig"; sourceTree = "<group>"; };
/* End PBXFileReference section */

/* Begin PBXFrameworksBuildPhase section */
		7CBFBA641F2E034F00065AF3 /* Frameworks */ = {
			isa = PBXFrameworksBuildPhase;
			buildActionMask = 2147483647;
			files = (
				D9F7D524DEC1E1E32C3AEF78 /* Pods_Snapchat.framework in Frameworks */,
			);
			runOnlyForDeploymentPostprocessing = 0;
		};
/* End PBXFrameworksBuildPhase section */

/* Begin PBXGroup section */
		14B41E8D998A95A31FDE65C3 /* Frameworks */ = {
			isa = PBXGroup;
			children = (
				BBA3C342FB2F1169E4A0A6EC /* Pods_Snapchat.framework */,
			);
			name = Frameworks;
			sourceTree = "<group>";
		};
		7CBFBA5E1F2E034F00065AF3 = {
			isa = PBXGroup;
			children = (
				7CBFBA691F2E034F00065AF3 /* Snapchat */,
				7CBFBA681F2E034F00065AF3 /* Products */,
				C4DF469024EB7355731B6E00 /* Pods */,
				14B41E8D998A95A31FDE65C3 /* Frameworks */,
			);
			sourceTree = "<group>";
		};
		7CBFBA681F2E034F00065AF3 /* Products */ = {
			isa = PBXGroup;
			children = (
				7CBFBA671F2E034F00065AF3 /* Snapchat.app */,
			);
			name = Products;
			sourceTree = "<group>";
		};
		7CBFBA691F2E034F00065AF3 /* Snapchat */ = {
			isa = PBXGroup;
			children = (
				7CBFBA6A1F2E034F00065AF3 /* AppDelegate.swift */,
				7CBFBA6C1F2E034F00065AF3 /* SignInViewController.swift */,
				7C1ABC0C1F30C31D002D7908 /* SnapsViewController.swift */,
				7C1ABC0E1F30C5E1002D7908 /* PictureViewController.swift */,
				7C1ABC101F30D42F002D7908 /* SelectUserViewController.swift */,
				7CBFBA6E1F2E034F00065AF3 /* Main.storyboard */,
				7CBFBA711F2E034F00065AF3 /* Assets.xcassets */,
				7CBFBA731F2E034F00065AF3 /* LaunchScreen.storyboard */,
				7CBFBA761F2E034F00065AF3 /* Info.plist */,
				7CBFBA7C1F2E04A200065AF3 /* GoogleService-Info.plist */,
			);
			path = Snapchat;
			sourceTree = "<group>";
		};
		C4DF469024EB7355731B6E00 /* Pods */ = {
			isa = PBXGroup;
			children = (
				F7BBE2240A0A653A90B996BA /* Pods-Snapchat.debug.xcconfig */,
				EBD8FA878C402FCAC4FAACAC /* Pods-Snapchat.release.xcconfig */,
			);
			name = Pods;
			sourceTree = "<group>";
		};
/* End PBXGroup section */

/* Begin PBXNativeTarget section */
		7CBFBA661F2E034F00065AF3 /* Snapchat */ = {
			isa = PBXNativeTarget;
			buildConfigurationList = 7CBFBA791F2E034F00065AF3 /* Build configuration list for PBXNativeTarget "Snapchat" */;
			buildPhases = (
				EACA097128C8A26EF7825273 /* [CP] Check Pods Manifest.lock */,
				7CBFBA631F2E034F00065AF3 /* Sources */,
				7CBFBA641F2E034F00065AF3 /* Frameworks */,
				7CBFBA651F2E034F00065AF3 /* Resources */,
				0A434B8D981C6972B99F4D32 /* [CP] Embed Pods Frameworks */,
				3787ACA5EF5999E19EC3B351 /* [CP] Copy Pods Resources */,
			);
			buildRules = (
			);
			dependencies = (
			);
			name = Snapchat;
			productName = Snapchat;
			productReference = 7CBFBA671F2E034F00065AF3 /* Snapchat.app */;
			productType = "com.apple.product-type.application";
		};
/* End PBXNativeTarget section */

/* Begin PBXProject section */
		7CBFBA5F1F2E034F00065AF3 /* Project object */ = {
			isa = PBXProject;
			attributes = {
				LastSwiftUpdateCheck = 0830;
				LastUpgradeCheck = 0830;
				ORGANIZATIONNAME = "Joseph Commisso";
				TargetAttributes = {
					7CBFBA661F2E034F00065AF3 = {
						CreatedOnToolsVersion = 8.3.3;
						ProvisioningStyle = Automatic;
					};
				};
			};
			buildConfigurationList = 7CBFBA621F2E034F00065AF3 /* Build configuration list for PBXProject "Snapchat" */;
			compatibilityVersion = "Xcode 3.2";
			developmentRegion = English;
			hasScannedForEncodings = 0;
			knownRegions = (
				en,
				Base,
			);
			mainGroup = 7CBFBA5E1F2E034F00065AF3;
			productRefGroup = 7CBFBA681F2E034F00065AF3 /* Products */;
			projectDirPath = "";
			projectRoot = "";
			targets = (
				7CBFBA661F2E034F00065AF3 /* Snapchat */,
			);
		};
/* End PBXProject section */

/* Begin PBXResourcesBuildPhase section */
		7CBFBA651F2E034F00065AF3 /* Resources */ = {
			isa = PBXResourcesBuildPhase;
			buildActionMask = 2147483647;
			files = (
				7CBFBA751F2E034F00065AF3 /* LaunchScreen.storyboard in Resources */,
				7CBFBA7D1F2E04A200065AF3 /* GoogleService-Info.plist in Resources */,
				7CBFBA721F2E034F00065AF3 /* Assets.xcassets in Resources */,
				7CBFBA701F2E034F00065AF3 /* Main.storyboard in Resources */,
			);
			runOnlyForDeploymentPostprocessing = 0;
		};
/* End PBXResourcesBuildPhase section */

/* Begin PBXShellScriptBuildPhase section */
		0A434B8D981C6972B99F4D32 /* [CP] Embed Pods Frameworks */ = {
			isa = PBXShellScriptBuildPhase;
			buildActionMask = 2147483647;
			files = (
			);
			inputPaths = (
			);
			name = "[CP] Embed Pods Frameworks";
			outputPaths = (
			);
			runOnlyForDeploymentPostprocessing = 0;
			shellPath = /bin/sh;
			shellScript = "\"${SRCROOT}/Pods/Target Support Files/Pods-Snapchat/Pods-Snapchat-frameworks.sh\"\n";
			showEnvVarsInLog = 0;
		};
		3787ACA5EF5999E19EC3B351 /* [CP] Copy Pods Resources */ = {
			isa = PBXShellScriptBuildPhase;
			buildActionMask = 2147483647;
			files = (
			);
			inputPaths = (
			);
			name = "[CP] Copy Pods Resources";
			outputPaths = (
			);
			runOnlyForDeploymentPostprocessing = 0;
			shellPath = /bin/sh;
			shellScript = "\"${SRCROOT}/Pods/Target Support Files/Pods-Snapchat/Pods-Snapchat-resources.sh\"\n";
			showEnvVarsInLog = 0;
		};
		EACA097128C8A26EF7825273 /* [CP] Check Pods Manifest.lock */ = {
			isa = PBXShellScriptBuildPhase;
			buildActionMask = 2147483647;
			files = (
			);
			inputPaths = (
			);
			name = "[CP] Check Pods Manifest.lock";
			outputPaths = (
			);
			runOnlyForDeploymentPostprocessing = 0;
			shellPath = /bin/sh;
			shellScript = "diff \"${PODS_PODFILE_DIR_PATH}/Podfile.lock\" \"${PODS_ROOT}/Manifest.lock\" > /dev/null\nif [ $? != 0 ] ; then\n    # print error to STDERR\n    echo \"error: The sandbox is not in sync with the Podfile.lock. Run 'pod install' or update your CocoaPods installation.\" >&2\n    exit 1\nfi\n";
			showEnvVarsInLog = 0;
		};
/* End PBXShellScriptBuildPhase section */

/* Begin PBXSourcesBuildPhase section */
		7CBFBA631F2E034F00065AF3 /* Sources */ = {
			isa = PBXSourcesBuildPhase;
			buildActionMask = 2147483647;
			files = (
				7CBFBA6D1F2E034F00065AF3 /* SignInViewController.swift in Sources */,
				7C1ABC0F1F30C5E1002D7908 /* PictureViewController.swift in Sources */,
				7C1ABC111F30D42F002D7908 /* SelectUserViewController.swift in Sources */,
				7CBFBA6B1F2E034F00065AF3 /* AppDelegate.swift in Sources */,
				7C1ABC0D1F30C31D002D7908 /* SnapsViewController.swift in Sources */,
			);
			runOnlyForDeploymentPostprocessing = 0;
		};
/* End PBXSourcesBuildPhase section */

/* Begin PBXVariantGroup section */
		7CBFBA6E1F2E034F00065AF3 /* Main.storyboard */ = {
			isa = PBXVariantGroup;
			children = (
				7CBFBA6F1F2E034F00065AF3 /* Base */,
			);
			name = Main.storyboard;
			sourceTree = "<group>";
		};
		7CBFBA731F2E034F00065AF3 /* LaunchScreen.storyboard */ = {
			isa = PBXVariantGroup;
			children = (
				7CBFBA741F2E034F00065AF3 /* Base */,
			);
			name = LaunchScreen.storyboard;
			sourceTree = "<group>";
		};
/* End PBXVariantGroup section */

/* Begin XCBuildConfiguration section */
		7CBFBA771F2E034F00065AF3 /* Debug */ = {
			isa = XCBuildConfiguration;
			buildSettings = {
				ALWAYS_SEARCH_USER_PATHS = NO;
				CLANG_ANALYZER_NONNULL = YES;
				CLANG_ANALYZER_NUMBER_OBJECT_CONVERSION = YES_AGGRESSIVE;
				CLANG_CXX_LANGUAGE_STANDARD = "gnu++0x";
				CLANG_CXX_LIBRARY = "libc++";
				CLANG_ENABLE_MODULES = YES;
				CLANG_ENABLE_OBJC_ARC = YES;
				CLANG_WARN_BOOL_CONVERSION = YES;
				CLANG_WARN_CONSTANT_CONVERSION = YES;
				CLANG_WARN_DIRECT_OBJC_ISA_USAGE = YES_ERROR;
				CLANG_WARN_DOCUMENTATION_COMMENTS = YES;
				CLANG_WARN_EMPTY_BODY = YES;
				CLANG_WARN_ENUM_CONVERSION = YES;
				CLANG_WARN_INFINITE_RECURSION = YES;
				CLANG_WARN_INT_CONVERSION = YES;
				CLANG_WARN_OBJC_ROOT_CLASS = YES_ERROR;
				CLANG_WARN_SUSPICIOUS_MOVE = YES;
				CLANG_WARN_UNREACHABLE_CODE = YES;
				CLANG_WARN__DUPLICATE_METHOD_MATCH = YES;
				"CODE_SIGN_IDENTITY[sdk=iphoneos*]" = "iPhone Developer";
				COPY_PHASE_STRIP = NO;
				DEBUG_INFORMATION_FORMAT = dwarf;
				ENABLE_STRICT_OBJC_MSGSEND = YES;
				ENABLE_TESTABILITY = YES;
				GCC_C_LANGUAGE_STANDARD = gnu99;
				GCC_DYNAMIC_NO_PIC = NO;
				GCC_NO_COMMON_BLOCKS = YES;
				GCC_OPTIMIZATION_LEVEL = 0;
				GCC_PREPROCESSOR_DEFINITIONS = (
					"DEBUG=1",
					"$(inherited)",
				);
				GCC_WARN_64_TO_32_BIT_CONVERSION = YES;
				GCC_WARN_ABOUT_RETURN_TYPE = YES_ERROR;
				GCC_WARN_UNDECLARED_SELECTOR = YES;
				GCC_WARN_UNINITIALIZED_AUTOS = YES_AGGRESSIVE;
				GCC_WARN_UNUSED_FUNCTION = YES;
				GCC_WARN_UNUSED_VARIABLE = YES;
				IPHONEOS_DEPLOYMENT_TARGET = 10.3;
				MTL_ENABLE_DEBUG_INFO = YES;
				ONLY_ACTIVE_ARCH = YES;
				SDKROOT = iphoneos;
				SWIFT_ACTIVE_COMPILATION_CONDITIONS = DEBUG;
				SWIFT_OPTIMIZATION_LEVEL = "-Onone";
				TARGETED_DEVICE_FAMILY = "1,2";
			};
			name = Debug;
		};
		7CBFBA781F2E034F00065AF3 /* Release */ = {
			isa = XCBuildConfiguration;
			buildSettings = {
				ALWAYS_SEARCH_USER_PATHS = NO;
				CLANG_ANALYZER_NONNULL = YES;
				CLANG_ANALYZER_NUMBER_OBJECT_CONVERSION = YES_AGGRESSIVE;
				CLANG_CXX_LANGUAGE_STANDARD = "gnu++0x";
				CLANG_CXX_LIBRARY = "libc++";
				CLANG_ENABLE_MODULES = YES;
				CLANG_ENABLE_OBJC_ARC = YES;
				CLANG_WARN_BOOL_CONVERSION = YES;
				CLANG_WARN_CONSTANT_CONVERSION = YES;
				CLANG_WARN_DIRECT_OBJC_ISA_USAGE = YES_ERROR;
				CLANG_WARN_DOCUMENTATION_COMMENTS = YES;
				CLANG_WARN_EMPTY_BODY = YES;
				CLANG_WARN_ENUM_CONVERSION = YES;
				CLANG_WARN_INFINITE_RECURSION = YES;
				CLANG_WARN_INT_CONVERSION = YES;
				CLANG_WARN_OBJC_ROOT_CLASS = YES_ERROR;
				CLANG_WARN_SUSPICIOUS_MOVE = YES;
				CLANG_WARN_UNREACHABLE_CODE = YES;
				CLANG_WARN__DUPLICATE_METHOD_MATCH = YES;
				"CODE_SIGN_IDENTITY[sdk=iphoneos*]" = "iPhone Developer";
				COPY_PHASE_STRIP = NO;
				DEBUG_INFORMATION_FORMAT = "dwarf-with-dsym";
				ENABLE_NS_ASSERTIONS = NO;
				ENABLE_STRICT_OBJC_MSGSEND = YES;
				GCC_C_LANGUAGE_STANDARD = gnu99;
				GCC_NO_COMMON_BLOCKS = YES;
				GCC_WARN_64_TO_32_BIT_CONVERSION = YES;
				GCC_WARN_ABOUT_RETURN_TYPE = YES_ERROR;
				GCC_WARN_UNDECLARED_SELECTOR = YES;
				GCC_WARN_UNINITIALIZED_AUTOS = YES_AGGRESSIVE;
				GCC_WARN_UNUSED_FUNCTION = YES;
				GCC_WARN_UNUSED_VARIABLE = YES;
				IPHONEOS_DEPLOYMENT_TARGET = 10.3;
				MTL_ENABLE_DEBUG_INFO = NO;
				SDKROOT = iphoneos;
				SWIFT_OPTIMIZATION_LEVEL = "-Owholemodule";
				TARGETED_DEVICE_FAMILY = "1,2";
				VALIDATE_PRODUCT = YES;
			};
			name = Release;
		};
		7CBFBA7A1F2E034F00065AF3 /* Debug */ = {
			isa = XCBuildConfiguration;
			baseConfigurationReference = F7BBE2240A0A653A90B996BA /* Pods-Snapchat.debug.xcconfig */;
			buildSettings = {
				ASSETCATALOG_COMPILER_APPICON_NAME = AppIcon;
				INFOPLIST_FILE = Snapchat/Info.plist;
				LD_RUNPATH_SEARCH_PATHS = "$(inherited) @executable_path/Frameworks";
				PRODUCT_BUNDLE_IDENTIFIER = com.joseph.Snapchat;
				PRODUCT_NAME = "$(TARGET_NAME)";
				SWIFT_VERSION = 3.0;
			};
			name = Debug;
		};
		7CBFBA7B1F2E034F00065AF3 /* Release */ = {
			isa = XCBuildConfiguration;
			baseConfigurationReference = EBD8FA878C402FCAC4FAACAC /* Pods-Snapchat.release.xcconfig */;
			buildSettings = {
				ASSETCATALOG_COMPILER_APPICON_NAME = AppIcon;
				INFOPLIST_FILE = Snapchat/Info.plist;
				LD_RUNPATH_SEARCH_PATHS = "$(inherited) @executable_path/Frameworks";
				PRODUCT_BUNDLE_IDENTIFIER = com.joseph.Snapchat;
				PRODUCT_NAME = "$(TARGET_NAME)";
				SWIFT_VERSION = 3.0;
			};
			name = Release;
		};
/* End XCBuildConfiguration section */

/* Begin XCConfigurationList section */
		7CBFBA621F2E034F00065AF3 /* Build configuration list for PBXProject "Snapchat" */ = {
			isa = XCConfigurationList;
			buildConfigurations = (
				7CBFBA771F2E034F00065AF3 /* Debug */,
				7CBFBA781F2E034F00065AF3 /* Release */,
			);
			defaultConfigurationIsVisible = 0;
			defaultConfigurationName = Release;
		};
		7CBFBA791F2E034F00065AF3 /* Build configuration list for PBXNativeTarget "Snapchat" */ = {
			isa = XCConfigurationList;
			buildConfigurations = (
				7CBFBA7A1F2E034F00065AF3 /* Debug */,
				7CBFBA7B1F2E034F00065AF3 /* Release */,
			);
			defaultConfigurationIsVisible = 0;
			defaultConfigurationName = Release;
		};
/* End XCConfigurationList section */
	};
	rootObject = 7CBFBA5F1F2E034F00065AF3 /* Project object */;
}
